
Microsoft Visual Studio Solution File, Format Version 12.00
# Visual Studio Version 16
VisualStudioVersion = 16.0.31424.327
MinimumVisualStudioVersion = 10.0.40219.1
Project("{FAE04EC0-301F-11D3-BF4B-00C04F79EFBC}") = "programajak", "programajak\programajak.csproj", "{49906A16-19BE-4D55-B559-1668974FEDCA}"
EndProject
Project("{FAE04EC0-301F-11D3-BF4B-00C04F79EFBC}") = "accounting", "..\..\..\Documents\vs\accounting\accounting\accounting.csproj", "{8B770377-DC1C-4B03-AFCA-AE6E0B28DBDB}"
EndProject
Project("{FAE04EC0-301F-11D3-BF4B-00C04F79EFBC}") = "Client Information", "..\..\..\Documents\Backup 20210510\Application\DareBeken Solution\Client Information\Client Information.csproj", "{F4F796A7-2C9A-4E3B-9365-43D287A5B288}"
EndProject
Project("{9A19103F-16F7-4668-BE54-9A1E7A4F7556}") = "GadaiKu", "..\..\..\Documents\Backup 20210510\Application\DareBeken Solution\GadaiKu\GadaiKu.csproj", "{C14669D4-6C63-461A-9B7D-C24D4F966B22}"
EndProject
Global
	GlobalSection(SolutionConfigurationPlatforms) = preSolution
		Debug|Any CPU = Debug|Any CPU
		Release|Any CPU = Release|Any CPU
	EndGlobalSection
	GlobalSection(ProjectConfigurationPlatforms) = postSolution
		{49906A16-19BE-4D55-B559-1668974FEDCA}.Debug|Any CPU.ActiveCfg = Debug|Any CPU
		{49906A16-19BE-4D55-B559-1668974FEDCA}.Debug|Any CPU.Build.0 = Debug|Any CPU
		{49906A16-19BE-4D55-B559-1668974FEDCA}.Release|Any CPU.ActiveCfg = Release|Any CPU
		{49906A16-19BE-4D55-B559-1668974FEDCA}.Release|Any CPU.Build.0 = Release|Any CPU
		{8B770377-DC1C-4B03-AFCA-AE6E0B28DBDB}.Debug|Any CPU.ActiveCfg = Debug|Any CPU
		{8B770377-DC1C-4B03-AFCA-AE6E0B28DBDB}.Debug|Any CPU.Build.0 = Debug|Any CPU
		{8B770377-DC1C-4B03-AFCA-AE6E0B28DBDB}.Release|Any CPU.ActiveCfg = Release|Any CPU
		{8B770377-DC1C-4B03-AFCA-AE6E0B28DBDB}.Release|Any CPU.Build.0 = Release|Any CPU
		{F4F796A7-2C9A-4E3B-9365-43D287A5B288}.Debug|Any CPU.ActiveCfg = Debug|Any CPU
		{F4F796A7-2C9A-4E3B-9365-43D287A5B288}.Debug|Any CPU.Build.0 = Debug|Any CPU
		{F4F796A7-2C9A-4E3B-9365-43D287A5B288}.Release|Any CPU.ActiveCfg = Release|Any CPU
		{F4F796A7-2C9A-4E3B-9365-43D287A5B288}.Release|Any CPU.Build.0 = Release|Any CPU
		{C14669D4-6C63-461A-9B7D-C24D4F966B22}.Debug|Any CPU.ActiveCfg = Debug|Any CPU
		{C14669D4-6C63-461A-9B7D-C24D4F966B22}.Debug|Any CPU.Build.0 = Debug|Any CPU
		{C14669D4-6C63-461A-9B7D-C24D4F966B22}.Release|Any CPU.ActiveCfg = Release|Any CPU
		{C14669D4-6C63-461A-9B7D-C24D4F966B22}.Release|Any CPU.Build.0 = Release|Any CPU
	EndGlobalSection
	GlobalSection(SolutionProperties) = preSolution
		HideSolutionNode = FALSE
	EndGlobalSection
	GlobalSection(ExtensibilityGlobals) = postSolution
		SolutionGuid = {C9D0746C-197C-40EE-B8BB-238F1F494362}
	EndGlobalSection
EndGlobal
